// !$*UTF8*$!
{
	archiveVersion = 1;
	classes = {
	};
	objectVersion = 50;
	objects = {

/* Begin PBXBuildFile section */
		AA64421A24D8D1F100FE11AA /* Alert+CoreDataClass.swift in Sources */ = {isa = PBXBuildFile; fileRef = AA64421824D8D1F100FE11AA /* Alert+CoreDataClass.swift */; };
		AA64421B24D8D1F100FE11AA /* Alert+CoreDataProperties.swift in Sources */ = {isa = PBXBuildFile; fileRef = AA64421924D8D1F100FE11AA /* Alert+CoreDataProperties.swift */; };
		AA8FC3DA24DB0BDD0008D2EE /* AlertDetailMapSetting.swift in Sources */ = {isa = PBXBuildFile; fileRef = AA8FC3D924DB0BDD0008D2EE /* AlertDetailMapSetting.swift */; };
		AA8FC3DC24DB0C150008D2EE /* AlertDetailAlarmSetting.swift in Sources */ = {isa = PBXBuildFile; fileRef = AA8FC3DB24DB0C150008D2EE /* AlertDetailAlarmSetting.swift */; };
		AA8FC3DE24DB183E0008D2EE /* Preloader.swift in Sources */ = {isa = PBXBuildFile; fileRef = AA8FC3DD24DB183E0008D2EE /* Preloader.swift */; };
		AADDD55F24D8CC34008F9168 /* AppDelegate.swift in Sources */ = {isa = PBXBuildFile; fileRef = AADDD55E24D8CC34008F9168 /* AppDelegate.swift */; };
		AADDD56124D8CC34008F9168 /* SceneDelegate.swift in Sources */ = {isa = PBXBuildFile; fileRef = AADDD56024D8CC34008F9168 /* SceneDelegate.swift */; };
		AADDD56424D8CC34008F9168 /* iLocAlert.xcdatamodeld in Sources */ = {isa = PBXBuildFile; fileRef = AADDD56224D8CC34008F9168 /* iLocAlert.xcdatamodeld */; };
		AADDD56624D8CC34008F9168 /* ContentView.swift in Sources */ = {isa = PBXBuildFile; fileRef = AADDD56524D8CC34008F9168 /* ContentView.swift */; };
		AADDD56824D8CC36008F9168 /* Assets.xcassets in Resources */ = {isa = PBXBuildFile; fileRef = AADDD56724D8CC36008F9168 /* Assets.xcassets */; };
		AADDD56B24D8CC36008F9168 /* Preview Assets.xcassets in Resources */ = {isa = PBXBuildFile; fileRef = AADDD56A24D8CC36008F9168 /* Preview Assets.xcassets */; };
		AADDD56E24D8CC36008F9168 /* LaunchScreen.storyboard in Resources */ = {isa = PBXBuildFile; fileRef = AADDD56C24D8CC36008F9168 /* LaunchScreen.storyboard */; };
		AADDD57924D8CC36008F9168 /* iLocAlertTests.swift in Sources */ = {isa = PBXBuildFile; fileRef = AADDD57824D8CC36008F9168 /* iLocAlertTests.swift */; };
		AADDD58424D8CC36008F9168 /* iLocAlertUITests.swift in Sources */ = {isa = PBXBuildFile; fileRef = AADDD58324D8CC36008F9168 /* iLocAlertUITests.swift */; };
		AAEF140024D9D17400475832 /* AlertLog+CoreDataClass.swift in Sources */ = {isa = PBXBuildFile; fileRef = AAEF13FE24D9D17400475832 /* AlertLog+CoreDataClass.swift */; };
		AAEF140124D9D17400475832 /* AlertLog+CoreDataProperties.swift in Sources */ = {isa = PBXBuildFile; fileRef = AAEF13FF24D9D17400475832 /* AlertLog+CoreDataProperties.swift */; };
		AAEF140524D9F82C00475832 /* AlertDetail.swift in Sources */ = {isa = PBXBuildFile; fileRef = AAEF140424D9F82C00475832 /* AlertDetail.swift */; };
/* End PBXBuildFile section */

/* Begin PBXContainerItemProxy section */
		AADDD57524D8CC36008F9168 /* PBXContainerItemProxy */ = {
			isa = PBXContainerItemProxy;
			containerPortal = AADDD55324D8CC34008F9168 /* Project object */;
			proxyType = 1;
			remoteGlobalIDString = AADDD55A24D8CC34008F9168;
			remoteInfo = iLocAlert;
		};
		AADDD58024D8CC36008F9168 /* PBXContainerItemProxy */ = {
			isa = PBXContainerItemProxy;
			containerPortal = AADDD55324D8CC34008F9168 /* Project object */;
			proxyType = 1;
			remoteGlobalIDString = AADDD55A24D8CC34008F9168;
			remoteInfo = iLocAlert;
		};
/* End PBXContainerItemProxy section */

/* Begin PBXFileReference section */
		AA64421824D8D1F100FE11AA /* Alert+CoreDataClass.swift */ = {isa = PBXFileReference; lastKnownFileType = sourcecode.swift; path = "Alert+CoreDataClass.swift"; sourceTree = SOURCE_ROOT; };
		AA64421924D8D1F100FE11AA /* Alert+CoreDataProperties.swift */ = {isa = PBXFileReference; lastKnownFileType = sourcecode.swift; path = "Alert+CoreDataProperties.swift"; sourceTree = SOURCE_ROOT; };
		AA8FC3D924DB0BDD0008D2EE /* AlertDetailMapSetting.swift */ = {isa = PBXFileReference; lastKnownFileType = sourcecode.swift; path = AlertDetailMapSetting.swift; sourceTree = "<group>"; };
		AA8FC3DB24DB0C150008D2EE /* AlertDetailAlarmSetting.swift */ = {isa = PBXFileReference; lastKnownFileType = sourcecode.swift; path = AlertDetailAlarmSetting.swift; sourceTree = "<group>"; };
		AA8FC3DD24DB183E0008D2EE /* Preloader.swift */ = {isa = PBXFileReference; lastKnownFileType = sourcecode.swift; path = Preloader.swift; sourceTree = "<group>"; };
		AADDD55B24D8CC34008F9168 /* iLocAlert.app */ = {isa = PBXFileReference; explicitFileType = wrapper.application; includeInIndex = 0; path = iLocAlert.app; sourceTree = BUILT_PRODUCTS_DIR; };
		AADDD55E24D8CC34008F9168 /* AppDelegate.swift */ = {isa = PBXFileReference; lastKnownFileType = sourcecode.swift; path = AppDelegate.swift; sourceTree = "<group>"; };
		AADDD56024D8CC34008F9168 /* SceneDelegate.swift */ = {isa = PBXFileReference; lastKnownFileType = sourcecode.swift; path = SceneDelegate.swift; sourceTree = "<group>"; };
		AADDD56324D8CC34008F9168 /* iLocAlert.xcdatamodel */ = {isa = PBXFileReference; lastKnownFileType = wrapper.xcdatamodel; path = iLocAlert.xcdatamodel; sourceTree = "<group>"; };
		AADDD56524D8CC34008F9168 /* ContentView.swift */ = {isa = PBXFileReference; lastKnownFileType = sourcecode.swift; path = ContentView.swift; sourceTree = "<group>"; };
		AADDD56724D8CC36008F9168 /* Assets.xcassets */ = {isa = PBXFileReference; lastKnownFileType = folder.assetcatalog; path = Assets.xcassets; sourceTree = "<group>"; };
		AADDD56A24D8CC36008F9168 /* Preview Assets.xcassets */ = {isa = PBXFileReference; lastKnownFileType = folder.assetcatalog; path = "Preview Assets.xcassets"; sourceTree = "<group>"; };
		AADDD56D24D8CC36008F9168 /* Base */ = {isa = PBXFileReference; lastKnownFileType = file.storyboard; name = Base; path = Base.lproj/LaunchScreen.storyboard; sourceTree = "<group>"; };
		AADDD56F24D8CC36008F9168 /* Info.plist */ = {isa = PBXFileReference; lastKnownFileType = text.plist.xml; path = Info.plist; sourceTree = "<group>"; };
		AADDD57424D8CC36008F9168 /* iLocAlertTests.xctest */ = {isa = PBXFileReference; explicitFileType = wrapper.cfbundle; includeInIndex = 0; path = iLocAlertTests.xctest; sourceTree = BUILT_PRODUCTS_DIR; };
		AADDD57824D8CC36008F9168 /* iLocAlertTests.swift */ = {isa = PBXFileReference; lastKnownFileType = sourcecode.swift; path = iLocAlertTests.swift; sourceTree = "<group>"; };
		AADDD57A24D8CC36008F9168 /* Info.plist */ = {isa = PBXFileReference; lastKnownFileType = text.plist.xml; path = Info.plist; sourceTree = "<group>"; };
		AADDD57F24D8CC36008F9168 /* iLocAlertUITests.xctest */ = {isa = PBXFileReference; explicitFileType = wrapper.cfbundle; includeInIndex = 0; path = iLocAlertUITests.xctest; sourceTree = BUILT_PRODUCTS_DIR; };
		AADDD58324D8CC36008F9168 /* iLocAlertUITests.swift */ = {isa = PBXFileReference; lastKnownFileType = sourcecode.swift; path = iLocAlertUITests.swift; sourceTree = "<group>"; };
		AADDD58524D8CC36008F9168 /* Info.plist */ = {isa = PBXFileReference; lastKnownFileType = text.plist.xml; path = Info.plist; sourceTree = "<group>"; };
		AAEF13FE24D9D17400475832 /* AlertLog+CoreDataClass.swift */ = {isa = PBXFileReference; lastKnownFileType = sourcecode.swift; path = "AlertLog+CoreDataClass.swift"; sourceTree = SOURCE_ROOT; };
		AAEF13FF24D9D17400475832 /* AlertLog+CoreDataProperties.swift */ = {isa = PBXFileReference; lastKnownFileType = sourcecode.swift; path = "AlertLog+CoreDataProperties.swift"; sourceTree = SOURCE_ROOT; };
		AAEF140424D9F82C00475832 /* AlertDetail.swift */ = {isa = PBXFileReference; lastKnownFileType = sourcecode.swift; path = AlertDetail.swift; sourceTree = "<group>"; };
/* End PBXFileReference section */

/* Begin PBXFrameworksBuildPhase section */
		AADDD55824D8CC34008F9168 /* Frameworks */ = {
			isa = PBXFrameworksBuildPhase;
			buildActionMask = 2147483647;
			files = (
			);
			runOnlyForDeploymentPostprocessing = 0;
		};
		AADDD57124D8CC36008F9168 /* Frameworks */ = {
			isa = PBXFrameworksBuildPhase;
			buildActionMask = 2147483647;
			files = (
			);
			runOnlyForDeploymentPostprocessing = 0;
		};
		AADDD57C24D8CC36008F9168 /* Frameworks */ = {
			isa = PBXFrameworksBuildPhase;
			buildActionMask = 2147483647;
			files = (
			);
			runOnlyForDeploymentPostprocessing = 0;
		};
/* End PBXFrameworksBuildPhase section */

/* Begin PBXGroup section */
		AA64421324D8CE5600FE11AA /* Model */ = {
			isa = PBXGroup;
			children = (
				AAEF13FE24D9D17400475832 /* AlertLog+CoreDataClass.swift */,
				AAEF13FF24D9D17400475832 /* AlertLog+CoreDataProperties.swift */,
				AA64421824D8D1F100FE11AA /* Alert+CoreDataClass.swift */,
				AA64421924D8D1F100FE11AA /* Alert+CoreDataProperties.swift */,
			);
			path = Model;
			sourceTree = "<group>";
		};
		AADDD55224D8CC34008F9168 = {
			isa = PBXGroup;
			children = (
				AADDD55D24D8CC34008F9168 /* iLocAlert */,
				AADDD57724D8CC36008F9168 /* iLocAlertTests */,
				AADDD58224D8CC36008F9168 /* iLocAlertUITests */,
				AADDD55C24D8CC34008F9168 /* Products */,
			);
			sourceTree = "<group>";
		};
		AADDD55C24D8CC34008F9168 /* Products */ = {
			isa = PBXGroup;
			children = (
				AADDD55B24D8CC34008F9168 /* iLocAlert.app */,
				AADDD57424D8CC36008F9168 /* iLocAlertTests.xctest */,
				AADDD57F24D8CC36008F9168 /* iLocAlertUITests.xctest */,
			);
			name = Products;
			sourceTree = "<group>";
		};
		AADDD55D24D8CC34008F9168 /* iLocAlert */ = {
			isa = PBXGroup;
			children = (
				AA64421324D8CE5600FE11AA /* Model */,
				AADDD55E24D8CC34008F9168 /* AppDelegate.swift */,
				AADDD56024D8CC34008F9168 /* SceneDelegate.swift */,
				AADDD56524D8CC34008F9168 /* ContentView.swift */,
				AAEF140424D9F82C00475832 /* AlertDetail.swift */,
				AA8FC3DD24DB183E0008D2EE /* Preloader.swift */,
				AA8FC3D924DB0BDD0008D2EE /* AlertDetailMapSetting.swift */,
				AA8FC3DB24DB0C150008D2EE /* AlertDetailAlarmSetting.swift */,
				AADDD56724D8CC36008F9168 /* Assets.xcassets */,
				AADDD56C24D8CC36008F9168 /* LaunchScreen.storyboard */,
				AADDD56F24D8CC36008F9168 /* Info.plist */,
				AADDD56224D8CC34008F9168 /* iLocAlert.xcdatamodeld */,
				AADDD56924D8CC36008F9168 /* Preview Content */,
			);
			path = iLocAlert;
			sourceTree = "<group>";
		};
		AADDD56924D8CC36008F9168 /* Preview Content */ = {
			isa = PBXGroup;
			children = (
				AADDD56A24D8CC36008F9168 /* Preview Assets.xcassets */,
			);
			path = "Preview Content";
			sourceTree = "<group>";
		};
		AADDD57724D8CC36008F9168 /* iLocAlertTests */ = {
			isa = PBXGroup;
			children = (
				AADDD57824D8CC36008F9168 /* iLocAlertTests.swift */,
				AADDD57A24D8CC36008F9168 /* Info.plist */,
			);
			path = iLocAlertTests;
			sourceTree = "<group>";
		};
		AADDD58224D8CC36008F9168 /* iLocAlertUITests */ = {
			isa = PBXGroup;
			children = (
				AADDD58324D8CC36008F9168 /* iLocAlertUITests.swift */,
				AADDD58524D8CC36008F9168 /* Info.plist */,
			);
			path = iLocAlertUITests;
			sourceTree = "<group>";
		};
/* End PBXGroup section */

/* Begin PBXNativeTarget section */
		AADDD55A24D8CC34008F9168 /* iLocAlert */ = {
			isa = PBXNativeTarget;
			buildConfigurationList = AADDD58824D8CC36008F9168 /* Build configuration list for PBXNativeTarget "iLocAlert" */;
			buildPhases = (
				AADDD55724D8CC34008F9168 /* Sources */,
				AADDD55824D8CC34008F9168 /* Frameworks */,
				AADDD55924D8CC34008F9168 /* Resources */,
			);
			buildRules = (
			);
			dependencies = (
			);
			name = iLocAlert;
			productName = iLocAlert;
			productReference = AADDD55B24D8CC34008F9168 /* iLocAlert.app */;
			productType = "com.apple.product-type.application";
		};
		AADDD57324D8CC36008F9168 /* iLocAlertTests */ = {
			isa = PBXNativeTarget;
			buildConfigurationList = AADDD58B24D8CC36008F9168 /* Build configuration list for PBXNativeTarget "iLocAlertTests" */;
			buildPhases = (
				AADDD57024D8CC36008F9168 /* Sources */,
				AADDD57124D8CC36008F9168 /* Frameworks */,
				AADDD57224D8CC36008F9168 /* Resources */,
			);
			buildRules = (
			);
			dependencies = (
				AADDD57624D8CC36008F9168 /* PBXTargetDependency */,
			);
			name = iLocAlertTests;
			productName = iLocAlertTests;
			productReference = AADDD57424D8CC36008F9168 /* iLocAlertTests.xctest */;
			productType = "com.apple.product-type.bundle.unit-test";
		};
		AADDD57E24D8CC36008F9168 /* iLocAlertUITests */ = {
			isa = PBXNativeTarget;
			buildConfigurationList = AADDD58E24D8CC36008F9168 /* Build configuration list for PBXNativeTarget "iLocAlertUITests" */;
			buildPhases = (
				AADDD57B24D8CC36008F9168 /* Sources */,
				AADDD57C24D8CC36008F9168 /* Frameworks */,
				AADDD57D24D8CC36008F9168 /* Resources */,
			);
			buildRules = (
			);
			dependencies = (
				AADDD58124D8CC36008F9168 /* PBXTargetDependency */,
			);
			name = iLocAlertUITests;
			productName = iLocAlertUITests;
			productReference = AADDD57F24D8CC36008F9168 /* iLocAlertUITests.xctest */;
			productType = "com.apple.product-type.bundle.ui-testing";
		};
/* End PBXNativeTarget section */

/* Begin PBXProject section */
		AADDD55324D8CC34008F9168 /* Project object */ = {
			isa = PBXProject;
			attributes = {
				LastSwiftUpdateCheck = 1160;
				LastUpgradeCheck = 1160;
				ORGANIZATIONNAME = "Yann Crausaz";
				TargetAttributes = {
					AADDD55A24D8CC34008F9168 = {
						CreatedOnToolsVersion = 11.6;
					};
					AADDD57324D8CC36008F9168 = {
						CreatedOnToolsVersion = 11.6;
						TestTargetID = AADDD55A24D8CC34008F9168;
					};
					AADDD57E24D8CC36008F9168 = {
						CreatedOnToolsVersion = 11.6;
						TestTargetID = AADDD55A24D8CC34008F9168;
					};
				};
			};
			buildConfigurationList = AADDD55624D8CC34008F9168 /* Build configuration list for PBXProject "iLocAlert" */;
			compatibilityVersion = "Xcode 9.3";
			developmentRegion = en;
			hasScannedForEncodings = 0;
			knownRegions = (
				en,
				Base,
			);
			mainGroup = AADDD55224D8CC34008F9168;
			productRefGroup = AADDD55C24D8CC34008F9168 /* Products */;
			projectDirPath = "";
			projectRoot = "";
			targets = (
				AADDD55A24D8CC34008F9168 /* iLocAlert */,
				AADDD57324D8CC36008F9168 /* iLocAlertTests */,
				AADDD57E24D8CC36008F9168 /* iLocAlertUITests */,
			);
		};
/* End PBXProject section */

/* Begin PBXResourcesBuildPhase section */
		AADDD55924D8CC34008F9168 /* Resources */ = {
			isa = PBXResourcesBuildPhase;
			buildActionMask = 2147483647;
			files = (
				AADDD56E24D8CC36008F9168 /* LaunchScreen.storyboard in Resources */,
				AADDD56B24D8CC36008F9168 /* Preview Assets.xcassets in Resources */,
				AADDD56824D8CC36008F9168 /* Assets.xcassets in Resources */,
			);
			runOnlyForDeploymentPostprocessing = 0;
		};
		AADDD57224D8CC36008F9168 /* Resources */ = {
			isa = PBXResourcesBuildPhase;
			buildActionMask = 2147483647;
			files = (
			);
			runOnlyForDeploymentPostprocessing = 0;
		};
		AADDD57D24D8CC36008F9168 /* Resources */ = {
			isa = PBXResourcesBuildPhase;
			buildActionMask = 2147483647;
			files = (
			);
			runOnlyForDeploymentPostprocessing = 0;
		};
/* End PBXResourcesBuildPhase section */

/* Begin PBXSourcesBuildPhase section */
		AADDD55724D8CC34008F9168 /* Sources */ = {
			isa = PBXSourcesBuildPhase;
			buildActionMask = 2147483647;
			files = (
				AA64421B24D8D1F100FE11AA /* Alert+CoreDataProperties.swift in Sources */,
				AAEF140524D9F82C00475832 /* AlertDetail.swift in Sources */,
				AA8FC3DC24DB0C150008D2EE /* AlertDetailAlarmSetting.swift in Sources */,
				AAEF140024D9D17400475832 /* AlertLog+CoreDataClass.swift in Sources */,
				AA8FC3DE24DB183E0008D2EE /* Preloader.swift in Sources */,
				AADDD55F24D8CC34008F9168 /* AppDelegate.swift in Sources */,
				AAEF140124D9D17400475832 /* AlertLog+CoreDataProperties.swift in Sources */,
				AA8FC3DA24DB0BDD0008D2EE /* AlertDetailMapSetting.swift in Sources */,
				AADDD56424D8CC34008F9168 /* iLocAlert.xcdatamodeld in Sources */,
				AADDD56624D8CC34008F9168 /* ContentView.swift in Sources */,
				AADDD56124D8CC34008F9168 /* SceneDelegate.swift in Sources */,
				AA64421A24D8D1F100FE11AA /* Alert+CoreDataClass.swift in Sources */,
			);
			runOnlyForDeploymentPostprocessing = 0;
		};
		AADDD57024D8CC36008F9168 /* Sources */ = {
			isa = PBXSourcesBuildPhase;
			buildActionMask = 2147483647;
			files = (
				AADDD57924D8CC36008F9168 /* iLocAlertTests.swift in Sources */,
			);
			runOnlyForDeploymentPostprocessing = 0;
		};
		AADDD57B24D8CC36008F9168 /* Sources */ = {
			isa = PBXSourcesBuildPhase;
			buildActionMask = 2147483647;
			files = (
				AADDD58424D8CC36008F9168 /* iLocAlertUITests.swift in Sources */,
			);
			runOnlyForDeploymentPostprocessing = 0;
		};
/* End PBXSourcesBuildPhase section */

/* Begin PBXTargetDependency section */
		AADDD57624D8CC36008F9168 /* PBXTargetDependency */ = {
			isa = PBXTargetDependency;
			target = AADDD55A24D8CC34008F9168 /* iLocAlert */;
			targetProxy = AADDD57524D8CC36008F9168 /* PBXContainerItemProxy */;
		};
		AADDD58124D8CC36008F9168 /* PBXTargetDependency */ = {
			isa = PBXTargetDependency;
			target = AADDD55A24D8CC34008F9168 /* iLocAlert */;
			targetProxy = AADDD58024D8CC36008F9168 /* PBXContainerItemProxy */;
		};
/* End PBXTargetDependency section */

/* Begin PBXVariantGroup section */
		AADDD56C24D8CC36008F9168 /* LaunchScreen.storyboard */ = {
			isa = PBXVariantGroup;
			children = (
				AADDD56D24D8CC36008F9168 /* Base */,
			);
			name = LaunchScreen.storyboard;
			sourceTree = "<group>";
		};
/* End PBXVariantGroup section */

/* Begin XCBuildConfiguration section */
		AADDD58624D8CC36008F9168 /* Debug */ = {
			isa = XCBuildConfiguration;
			buildSettings = {
				ALWAYS_SEARCH_USER_PATHS = NO;
				CLANG_ANALYZER_NONNULL = YES;
				CLANG_ANALYZER_NUMBER_OBJECT_CONVERSION = YES_AGGRESSIVE;
				CLANG_CXX_LANGUAGE_STANDARD = "gnu++14";
				CLANG_CXX_LIBRARY = "libc++";
				CLANG_ENABLE_MODULES = YES;
				CLANG_ENABLE_OBJC_ARC = YES;
				CLANG_ENABLE_OBJC_WEAK = YES;
				CLANG_WARN_BLOCK_CAPTURE_AUTORELEASING = YES;
				CLANG_WARN_BOOL_CONVERSION = YES;
				CLANG_WARN_COMMA = YES;
				CLANG_WARN_CONSTANT_CONVERSION = YES;
				CLANG_WARN_DEPRECATED_OBJC_IMPLEMENTATIONS = YES;
				CLANG_WARN_DIRECT_OBJC_ISA_USAGE = YES_ERROR;
				CLANG_WARN_DOCUMENTATION_COMMENTS = YES;
				CLANG_WARN_EMPTY_BODY = YES;
				CLANG_WARN_ENUM_CONVERSION = YES;
				CLANG_WARN_INFINITE_RECURSION = YES;
				CLANG_WARN_INT_CONVERSION = YES;
				CLANG_WARN_NON_LITERAL_NULL_CONVERSION = YES;
				CLANG_WARN_OBJC_IMPLICIT_RETAIN_SELF = YES;
				CLANG_WARN_OBJC_LITERAL_CONVERSION = YES;
				CLANG_WARN_OBJC_ROOT_CLASS = YES_ERROR;
				CLANG_WARN_RANGE_LOOP_ANALYSIS = YES;
				CLANG_WARN_STRICT_PROTOTYPES = YES;
				CLANG_WARN_SUSPICIOUS_MOVE = YES;
				CLANG_WARN_UNGUARDED_AVAILABILITY = YES_AGGRESSIVE;
				CLANG_WARN_UNREACHABLE_CODE = YES;
				CLANG_WARN__DUPLICATE_METHOD_MATCH = YES;
				COPY_PHASE_STRIP = NO;
				DEBUG_INFORMATION_FORMAT = dwarf;
				ENABLE_STRICT_OBJC_MSGSEND = YES;
				ENABLE_TESTABILITY = YES;
				GCC_C_LANGUAGE_STANDARD = gnu11;
				GCC_DYNAMIC_NO_PIC = NO;
				GCC_NO_COMMON_BLOCKS = YES;
				GCC_OPTIMIZATION_LEVEL = 0;
				GCC_PREPROCESSOR_DEFINITIONS = (
					"DEBUG=1",
					"$(inherited)",
				);
				GCC_WARN_64_TO_32_BIT_CONVERSION = YES;
				GCC_WARN_ABOUT_RETURN_TYPE = YES_ERROR;
				GCC_WARN_UNDECLARED_SELECTOR = YES;
				GCC_WARN_UNINITIALIZED_AUTOS = YES_AGGRESSIVE;
				GCC_WARN_UNUSED_FUNCTION = YES;
				GCC_WARN_UNUSED_VARIABLE = YES;
				IPHONEOS_DEPLOYMENT_TARGET = 13.6;
				MTL_ENABLE_DEBUG_INFO = INCLUDE_SOURCE;
				MTL_FAST_MATH = YES;
				ONLY_ACTIVE_ARCH = YES;
				SDKROOT = iphoneos;
				SWIFT_ACTIVE_COMPILATION_CONDITIONS = DEBUG;
				SWIFT_OPTIMIZATION_LEVEL = "-Onone";
			};
			name = Debug;
		};
		AADDD58724D8CC36008F9168 /* Release */ = {
			isa = XCBuildConfiguration;
			buildSettings = {
				ALWAYS_SEARCH_USER_PATHS = NO;
				CLANG_ANALYZER_NONNULL = YES;
				CLANG_ANALYZER_NUMBER_OBJECT_CONVERSION = YES_AGGRESSIVE;
				CLANG_CXX_LANGUAGE_STANDARD = "gnu++14";
				CLANG_CXX_LIBRARY = "libc++";
				CLANG_ENABLE_MODULES = YES;
				CLANG_ENABLE_OBJC_ARC = YES;
				CLANG_ENABLE_OBJC_WEAK = YES;
				CLANG_WARN_BLOCK_CAPTURE_AUTORELEASING = YES;
				CLANG_WARN_BOOL_CONVERSION = YES;
				CLANG_WARN_COMMA = YES;
				CLANG_WARN_CONSTANT_CONVERSION = YES;
				CLANG_WARN_DEPRECATED_OBJC_IMPLEMENTATIONS = YES;
				CLANG_WARN_DIRECT_OBJC_ISA_USAGE = YES_ERROR;
				CLANG_WARN_DOCUMENTATION_COMMENTS = YES;
				CLANG_WARN_EMPTY_BODY = YES;
				CLANG_WARN_ENUM_CONVERSION = YES;
				CLANG_WARN_INFINITE_RECURSION = YES;
				CLANG_WARN_INT_CONVERSION = YES;
				CLANG_WARN_NON_LITERAL_NULL_CONVERSION = YES;
				CLANG_WARN_OBJC_IMPLICIT_RETAIN_SELF = YES;
				CLANG_WARN_OBJC_LITERAL_CONVERSION = YES;
				CLANG_WARN_OBJC_ROOT_CLASS = YES_ERROR;
				CLANG_WARN_RANGE_LOOP_ANALYSIS = YES;
				CLANG_WARN_STRICT_PROTOTYPES = YES;
				CLANG_WARN_SUSPICIOUS_MOVE = YES;
				CLANG_WARN_UNGUARDED_AVAILABILITY = YES_AGGRESSIVE;
				CLANG_WARN_UNREACHABLE_CODE = YES;
				CLANG_WARN__DUPLICATE_METHOD_MATCH = YES;
				COPY_PHASE_STRIP = NO;
				DEBUG_INFORMATION_FORMAT = "dwarf-with-dsym";
				ENABLE_NS_ASSERTIONS = NO;
				ENABLE_STRICT_OBJC_MSGSEND = YES;
				GCC_C_LANGUAGE_STANDARD = gnu11;
				GCC_NO_COMMON_BLOCKS = YES;
				GCC_WARN_64_TO_32_BIT_CONVERSION = YES;
				GCC_WARN_ABOUT_RETURN_TYPE = YES_ERROR;
				GCC_WARN_UNDECLARED_SELECTOR = YES;
				GCC_WARN_UNINITIALIZED_AUTOS = YES_AGGRESSIVE;
				GCC_WARN_UNUSED_FUNCTION = YES;
				GCC_WARN_UNUSED_VARIABLE = YES;
				IPHONEOS_DEPLOYMENT_TARGET = 13.6;
				MTL_ENABLE_DEBUG_INFO = NO;
				MTL_FAST_MATH = YES;
				SDKROOT = iphoneos;
				SWIFT_COMPILATION_MODE = wholemodule;
				SWIFT_OPTIMIZATION_LEVEL = "-O";
				VALIDATE_PRODUCT = YES;
			};
			name = Release;
		};
		AADDD58924D8CC36008F9168 /* Debug */ = {
			isa = XCBuildConfiguration;
			buildSettings = {
				ASSETCATALOG_COMPILER_APPICON_NAME = AppIcon;
				CODE_SIGN_STYLE = Automatic;
				DEVELOPMENT_ASSET_PATHS = "\"iLocAlert/Preview Content\"";
				DEVELOPMENT_TEAM = VM329NQ2GG;
				ENABLE_PREVIEWS = YES;
				INFOPLIST_FILE = iLocAlert/Info.plist;
				LD_RUNPATH_SEARCH_PATHS = (
					"$(inherited)",
					"@executable_path/Frameworks",
				);
				PRODUCT_BUNDLE_IDENTIFIER = "ch.yann-crausaz.iLocAlert";
				PRODUCT_NAME = "$(TARGET_NAME)";
				SWIFT_VERSION = 5.0;
				TARGETED_DEVICE_FAMILY = "1,2";
			};
			name = Debug;
		};
		AADDD58A24D8CC36008F9168 /* Release */ = {
			isa = XCBuildConfiguration;
			buildSettings = {
				ASSETCATALOG_COMPILER_APPICON_NAME = AppIcon;
				CODE_SIGN_STYLE = Automatic;
				DEVELOPMENT_ASSET_PATHS = "\"iLocAlert/Preview Content\"";
				DEVELOPMENT_TEAM = VM329NQ2GG;
				ENABLE_PREVIEWS = YES;
				INFOPLIST_FILE = iLocAlert/Info.plist;
				LD_RUNPATH_SEARCH_PATHS = (
					"$(inherited)",
					"@executable_path/Frameworks",
				);
				PRODUCT_BUNDLE_IDENTIFIER = "ch.yann-crausaz.iLocAlert";
				PRODUCT_NAME = "$(TARGET_NAME)";
				SWIFT_VERSION = 5.0;
				TARGETED_DEVICE_FAMILY = "1,2";
			};
			name = Release;
		};
		AADDD58C24D8CC36008F9168 /* Debug */ = {
			isa = XCBuildConfiguration;
			buildSettings = {
				ALWAYS_EMBED_SWIFT_STANDARD_LIBRARIES = YES;
				BUNDLE_LOADER = "$(TEST_HOST)";
				CODE_SIGN_STYLE = Automatic;
				INFOPLIST_FILE = iLocAlertTests/Info.plist;
				IPHONEOS_DEPLOYMENT_TARGET = 13.6;
				LD_RUNPATH_SEARCH_PATHS = (
					"$(inherited)",
					"@executable_path/Frameworks",
					"@loader_path/Frameworks",
				);
				PRODUCT_BUNDLE_IDENTIFIER = "ch.yann-crausaz.iLocAlertTests";
				PRODUCT_NAME = "$(TARGET_NAME)";
				SWIFT_VERSION = 5.0;
				TARGETED_DEVICE_FAMILY = "1,2";
				TEST_HOST = "$(BUILT_PRODUCTS_DIR)/iLocAlert.app/iLocAlert";
			};
			name = Debug;
		};
		AADDD58D24D8CC36008F9168 /* Release */ = {
			isa = XCBuildConfiguration;
			buildSettings = {
				ALWAYS_EMBED_SWIFT_STANDARD_LIBRARIES = YES;
				BUNDLE_LOADER = "$(TEST_HOST)";
				CODE_SIGN_STYLE = Automatic;
				INFOPLIST_FILE = iLocAlertTests/Info.plist;
				IPHONEOS_DEPLOYMENT_TARGET = 13.6;
				LD_RUNPATH_SEARCH_PATHS = (
					"$(inherited)",
					"@executable_path/Frameworks",
					"@loader_path/Frameworks",
				);
				PRODUCT_BUNDLE_IDENTIFIER = "ch.yann-crausaz.iLocAlertTests";
				PRODUCT_NAME = "$(TARGET_NAME)";
				SWIFT_VERSION = 5.0;
				TARGETED_DEVICE_FAMILY = "1,2";
				TEST_HOST = "$(BUILT_PRODUCTS_DIR)/iLocAlert.app/iLocAlert";
			};
			name = Release;
		};
		AADDD58F24D8CC36008F9168 /* Debug */ = {
			isa = XCBuildConfiguration;
			buildSettings = {
				ALWAYS_EMBED_SWIFT_STANDARD_LIBRARIES = YES;
				CODE_SIGN_STYLE = Automatic;
				INFOPLIST_FILE = iLocAlertUITests/Info.plist;
				LD_RUNPATH_SEARCH_PATHS = (
					"$(inherited)",
					"@executable_path/Frameworks",
					"@loader_path/Frameworks",
				);
				PRODUCT_BUNDLE_IDENTIFIER = "ch.yann-crausaz.iLocAlertUITests";
				PRODUCT_NAME = "$(TARGET_NAME)";
				SWIFT_VERSION = 5.0;
				TARGETED_DEVICE_FAMILY = "1,2";
				TEST_TARGET_NAME = iLocAlert;
			};
			name = Debug;
		};
		AADDD59024D8CC36008F9168 /* Release */ = {
			isa = XCBuildConfiguration;
			buildSettings = {
				ALWAYS_EMBED_SWIFT_STANDARD_LIBRARIES = YES;
				CODE_SIGN_STYLE = Automatic;
				INFOPLIST_FILE = iLocAlertUITests/Info.plist;
				LD_RUNPATH_SEARCH_PATHS = (
					"$(inherited)",
					"@executable_path/Frameworks",
					"@loader_path/Frameworks",
				);
				PRODUCT_BUNDLE_IDENTIFIER = "ch.yann-crausaz.iLocAlertUITests";
				PRODUCT_NAME = "$(TARGET_NAME)";
				SWIFT_VERSION = 5.0;
				TARGETED_DEVICE_FAMILY = "1,2";
				TEST_TARGET_NAME = iLocAlert;
			};
			name = Release;
		};
/* End XCBuildConfiguration section */

/* Begin XCConfigurationList section */
		AADDD55624D8CC34008F9168 /* Build configuration list for PBXProject "iLocAlert" */ = {
			isa = XCConfigurationList;
			buildConfigurations = (
				AADDD58624D8CC36008F9168 /* Debug */,
				AADDD58724D8CC36008F9168 /* Release */,
			);
			defaultConfigurationIsVisible = 0;
			defaultConfigurationName = Release;
		};
		AADDD58824D8CC36008F9168 /* Build configuration list for PBXNativeTarget "iLocAlert" */ = {
			isa = XCConfigurationList;
			buildConfigurations = (
				AADDD58924D8CC36008F9168 /* Debug */,
				AADDD58A24D8CC36008F9168 /* Release */,
			);
			defaultConfigurationIsVisible = 0;
			defaultConfigurationName = Release;
		};
		AADDD58B24D8CC36008F9168 /* Build configuration list for PBXNativeTarget "iLocAlertTests" */ = {
			isa = XCConfigurationList;
			buildConfigurations = (
				AADDD58C24D8CC36008F9168 /* Debug */,
				AADDD58D24D8CC36008F9168 /* Release */,
			);
			defaultConfigurationIsVisible = 0;
			defaultConfigurationName = Release;
		};
		AADDD58E24D8CC36008F9168 /* Build configuration list for PBXNativeTarget "iLocAlertUITests" */ = {
			isa = XCConfigurationList;
			buildConfigurations = (
				AADDD58F24D8CC36008F9168 /* Debug */,
				AADDD59024D8CC36008F9168 /* Release */,
			);
			defaultConfigurationIsVisible = 0;
			defaultConfigurationName = Release;
		};
/* End XCConfigurationList section */

/* Begin XCVersionGroup section */
		AADDD56224D8CC34008F9168 /* iLocAlert.xcdatamodeld */ = {
			isa = XCVersionGroup;
			children = (
				AADDD56324D8CC34008F9168 /* iLocAlert.xcdatamodel */,
			);
			currentVersion = AADDD56324D8CC34008F9168 /* iLocAlert.xcdatamodel */;
			path = iLocAlert.xcdatamodeld;
			sourceTree = "<group>";
			versionGroupType = wrapper.xcdatamodel;
		};
/* End XCVersionGroup section */
	};
	rootObject = AADDD55324D8CC34008F9168 /* Project object */;
}
