// !$*UTF8*$!
{
	archiveVersion = 1;
	classes = {
	};
	objectVersion = 46;
	objects = {

/* Begin PBXBuildFile section */
		AA7833BE1BFE7B97006F5702 /* main.m in Sources */ = {isa = PBXBuildFile; fileRef = AA7833BD1BFE7B97006F5702 /* main.m */; };
		AA7833C11BFE7B97006F5702 /* AppDelegate.m in Sources */ = {isa = PBXBuildFile; fileRef = AA7833C01BFE7B97006F5702 /* AppDelegate.m */; };
		AA7833C41BFE7B97006F5702 /* ViewController.m in Sources */ = {isa = PBXBuildFile; fileRef = AA7833C31BFE7B97006F5702 /* ViewController.m */; };
		AA7833C71BFE7B97006F5702 /* Main.storyboard in Resources */ = {isa = PBXBuildFile; fileRef = AA7833C51BFE7B97006F5702 /* Main.storyboard */; };
		AA7833CA1BFE7B97006F5702 /* iLocAlert.xcdatamodeld in Sources */ = {isa = PBXBuildFile; fileRef = AA7833C81BFE7B97006F5702 /* iLocAlert.xcdatamodeld */; };
		AA7833CC1BFE7B97006F5702 /* Assets.xcassets in Resources */ = {isa = PBXBuildFile; fileRef = AA7833CB1BFE7B97006F5702 /* Assets.xcassets */; };
		AA7833CF1BFE7B97006F5702 /* LaunchScreen.storyboard in Resources */ = {isa = PBXBuildFile; fileRef = AA7833CD1BFE7B97006F5702 /* LaunchScreen.storyboard */; };
		AA7833DA1BFE7B98006F5702 /* iLocAlertTests.m in Sources */ = {isa = PBXBuildFile; fileRef = AA7833D91BFE7B98006F5702 /* iLocAlertTests.m */; };
		AA7833E51BFE7B98006F5702 /* iLocAlertUITests.m in Sources */ = {isa = PBXBuildFile; fileRef = AA7833E41BFE7B98006F5702 /* iLocAlertUITests.m */; };
		AA7833F61BFE7D10006F5702 /* iLocAlertAlert+CoreDataProperties.m in Sources */ = {isa = PBXBuildFile; fileRef = AA7833F31BFE7D10006F5702 /* iLocAlertAlert+CoreDataProperties.m */; };
		AA7833F71BFE7D10006F5702 /* iLocAlertAlert.m in Sources */ = {isa = PBXBuildFile; fileRef = AA7833F51BFE7D10006F5702 /* iLocAlertAlert.m */; };
/* End PBXBuildFile section */

/* Begin PBXContainerItemProxy section */
		AA7833D61BFE7B98006F5702 /* PBXContainerItemProxy */ = {
			isa = PBXContainerItemProxy;
			containerPortal = AA7833B11BFE7B96006F5702 /* Project object */;
			proxyType = 1;
			remoteGlobalIDString = AA7833B81BFE7B96006F5702;
			remoteInfo = iLocAlert;
		};
		AA7833E11BFE7B98006F5702 /* PBXContainerItemProxy */ = {
			isa = PBXContainerItemProxy;
			containerPortal = AA7833B11BFE7B96006F5702 /* Project object */;
			proxyType = 1;
			remoteGlobalIDString = AA7833B81BFE7B96006F5702;
			remoteInfo = iLocAlert;
		};
/* End PBXContainerItemProxy section */

/* Begin PBXFileReference section */
		AA7833B91BFE7B97006F5702 /* iLocAlert.app */ = {isa = PBXFileReference; explicitFileType = wrapper.application; includeInIndex = 0; path = iLocAlert.app; sourceTree = BUILT_PRODUCTS_DIR; };
		AA7833BD1BFE7B97006F5702 /* main.m */ = {isa = PBXFileReference; lastKnownFileType = sourcecode.c.objc; path = main.m; sourceTree = "<group>"; };
		AA7833BF1BFE7B97006F5702 /* AppDelegate.h */ = {isa = PBXFileReference; lastKnownFileType = sourcecode.c.h; path = AppDelegate.h; sourceTree = "<group>"; };
		AA7833C01BFE7B97006F5702 /* AppDelegate.m */ = {isa = PBXFileReference; lastKnownFileType = sourcecode.c.objc; path = AppDelegate.m; sourceTree = "<group>"; };
		AA7833C21BFE7B97006F5702 /* ViewController.h */ = {isa = PBXFileReference; lastKnownFileType = sourcecode.c.h; path = ViewController.h; sourceTree = "<group>"; };
		AA7833C31BFE7B97006F5702 /* ViewController.m */ = {isa = PBXFileReference; lastKnownFileType = sourcecode.c.objc; path = ViewController.m; sourceTree = "<group>"; };
		AA7833C61BFE7B97006F5702 /* Base */ = {isa = PBXFileReference; lastKnownFileType = file.storyboard; name = Base; path = Base.lproj/Main.storyboard; sourceTree = "<group>"; };
		AA7833C91BFE7B97006F5702 /* iLocAlert.xcdatamodel */ = {isa = PBXFileReference; lastKnownFileType = wrapper.xcdatamodel; path = iLocAlert.xcdatamodel; sourceTree = "<group>"; };
		AA7833CB1BFE7B97006F5702 /* Assets.xcassets */ = {isa = PBXFileReference; lastKnownFileType = folder.assetcatalog; path = Assets.xcassets; sourceTree = "<group>"; };
		AA7833CE1BFE7B97006F5702 /* Base */ = {isa = PBXFileReference; lastKnownFileType = file.storyboard; name = Base; path = Base.lproj/LaunchScreen.storyboard; sourceTree = "<group>"; };
		AA7833D01BFE7B97006F5702 /* Info.plist */ = {isa = PBXFileReference; lastKnownFileType = text.plist.xml; path = Info.plist; sourceTree = "<group>"; };
		AA7833D51BFE7B98006F5702 /* iLocAlertTests.xctest */ = {isa = PBXFileReference; explicitFileType = wrapper.cfbundle; includeInIndex = 0; path = iLocAlertTests.xctest; sourceTree = BUILT_PRODUCTS_DIR; };
		AA7833D91BFE7B98006F5702 /* iLocAlertTests.m */ = {isa = PBXFileReference; lastKnownFileType = sourcecode.c.objc; path = iLocAlertTests.m; sourceTree = "<group>"; };
		AA7833DB1BFE7B98006F5702 /* Info.plist */ = {isa = PBXFileReference; lastKnownFileType = text.plist.xml; path = Info.plist; sourceTree = "<group>"; };
		AA7833E01BFE7B98006F5702 /* iLocAlertUITests.xctest */ = {isa = PBXFileReference; explicitFileType = wrapper.cfbundle; includeInIndex = 0; path = iLocAlertUITests.xctest; sourceTree = BUILT_PRODUCTS_DIR; };
		AA7833E41BFE7B98006F5702 /* iLocAlertUITests.m */ = {isa = PBXFileReference; lastKnownFileType = sourcecode.c.objc; path = iLocAlertUITests.m; sourceTree = "<group>"; };
		AA7833E61BFE7B98006F5702 /* Info.plist */ = {isa = PBXFileReference; lastKnownFileType = text.plist.xml; path = Info.plist; sourceTree = "<group>"; };
		AA7833F21BFE7D10006F5702 /* iLocAlertAlert+CoreDataProperties.h */ = {isa = PBXFileReference; fileEncoding = 4; lastKnownFileType = sourcecode.c.h; path = "iLocAlertAlert+CoreDataProperties.h"; sourceTree = "<group>"; };
		AA7833F31BFE7D10006F5702 /* iLocAlertAlert+CoreDataProperties.m */ = {isa = PBXFileReference; fileEncoding = 4; lastKnownFileType = sourcecode.c.objc; path = "iLocAlertAlert+CoreDataProperties.m"; sourceTree = "<group>"; };
		AA7833F41BFE7D10006F5702 /* iLocAlertAlert.h */ = {isa = PBXFileReference; fileEncoding = 4; lastKnownFileType = sourcecode.c.h; path = iLocAlertAlert.h; sourceTree = "<group>"; };
		AA7833F51BFE7D10006F5702 /* iLocAlertAlert.m */ = {isa = PBXFileReference; fileEncoding = 4; lastKnownFileType = sourcecode.c.objc; path = iLocAlertAlert.m; sourceTree = "<group>"; };
		AA7833FB1BFE7E80006F5702 /* iLocAlert.entitlements */ = {isa = PBXFileReference; lastKnownFileType = text.xml; path = iLocAlert.entitlements; sourceTree = "<group>"; };
/* End PBXFileReference section */

/* Begin PBXFrameworksBuildPhase section */
		AA7833B61BFE7B96006F5702 /* Frameworks */ = {
			isa = PBXFrameworksBuildPhase;
			buildActionMask = 2147483647;
			files = (
			);
			runOnlyForDeploymentPostprocessing = 0;
		};
		AA7833D21BFE7B98006F5702 /* Frameworks */ = {
			isa = PBXFrameworksBuildPhase;
			buildActionMask = 2147483647;
			files = (
			);
			runOnlyForDeploymentPostprocessing = 0;
		};
		AA7833DD1BFE7B98006F5702 /* Frameworks */ = {
			isa = PBXFrameworksBuildPhase;
			buildActionMask = 2147483647;
			files = (
			);
			runOnlyForDeploymentPostprocessing = 0;
		};
/* End PBXFrameworksBuildPhase section */

/* Begin PBXGroup section */
		AA7833B01BFE7B96006F5702 = {
			isa = PBXGroup;
			children = (
				AA7833F81BFE7D16006F5702 /* Model */,
				AA7833BB1BFE7B97006F5702 /* iLocAlert */,
				AA7833D81BFE7B98006F5702 /* iLocAlertTests */,
				AA7833E31BFE7B98006F5702 /* iLocAlertUITests */,
				AA7833BA1BFE7B97006F5702 /* Products */,
			);
			sourceTree = "<group>";
		};
		AA7833BA1BFE7B97006F5702 /* Products */ = {
			isa = PBXGroup;
			children = (
				AA7833B91BFE7B97006F5702 /* iLocAlert.app */,
				AA7833D51BFE7B98006F5702 /* iLocAlertTests.xctest */,
				AA7833E01BFE7B98006F5702 /* iLocAlertUITests.xctest */,
			);
			name = Products;
			sourceTree = "<group>";
		};
		AA7833BB1BFE7B97006F5702 /* iLocAlert */ = {
			isa = PBXGroup;
			children = (
				AA7833FB1BFE7E80006F5702 /* iLocAlert.entitlements */,
				AA7833BF1BFE7B97006F5702 /* AppDelegate.h */,
				AA7833C01BFE7B97006F5702 /* AppDelegate.m */,
				AA7833C21BFE7B97006F5702 /* ViewController.h */,
				AA7833C31BFE7B97006F5702 /* ViewController.m */,
				AA7833C51BFE7B97006F5702 /* Main.storyboard */,
				AA7833CB1BFE7B97006F5702 /* Assets.xcassets */,
				AA7833CD1BFE7B97006F5702 /* LaunchScreen.storyboard */,
				AA7833D01BFE7B97006F5702 /* Info.plist */,
				AA7833C81BFE7B97006F5702 /* iLocAlert.xcdatamodeld */,
				AA7833BC1BFE7B97006F5702 /* Supporting Files */,
			);
			path = iLocAlert;
			sourceTree = "<group>";
		};
		AA7833BC1BFE7B97006F5702 /* Supporting Files */ = {
			isa = PBXGroup;
			children = (
				AA7833BD1BFE7B97006F5702 /* main.m */,
			);
			name = "Supporting Files";
			sourceTree = "<group>";
		};
		AA7833D81BFE7B98006F5702 /* iLocAlertTests */ = {
			isa = PBXGroup;
			children = (
				AA7833D91BFE7B98006F5702 /* iLocAlertTests.m */,
				AA7833DB1BFE7B98006F5702 /* Info.plist */,
			);
			path = iLocAlertTests;
			sourceTree = "<group>";
		};
		AA7833E31BFE7B98006F5702 /* iLocAlertUITests */ = {
			isa = PBXGroup;
			children = (
				AA7833E41BFE7B98006F5702 /* iLocAlertUITests.m */,
				AA7833E61BFE7B98006F5702 /* Info.plist */,
			);
			path = iLocAlertUITests;
			sourceTree = "<group>";
		};
		AA7833F81BFE7D16006F5702 /* Model */ = {
			isa = PBXGroup;
			children = (
				AA7833F21BFE7D10006F5702 /* iLocAlertAlert+CoreDataProperties.h */,
				AA7833F31BFE7D10006F5702 /* iLocAlertAlert+CoreDataProperties.m */,
				AA7833F41BFE7D10006F5702 /* iLocAlertAlert.h */,
				AA7833F51BFE7D10006F5702 /* iLocAlertAlert.m */,
			);
			name = Model;
			sourceTree = "<group>";
		};
/* End PBXGroup section */

/* Begin PBXNativeTarget section */
		AA7833B81BFE7B96006F5702 /* iLocAlert */ = {
			isa = PBXNativeTarget;
			buildConfigurationList = AA7833E91BFE7B98006F5702 /* Build configuration list for PBXNativeTarget "iLocAlert" */;
			buildPhases = (
				AA7833B51BFE7B96006F5702 /* Sources */,
				AA7833B61BFE7B96006F5702 /* Frameworks */,
				AA7833B71BFE7B96006F5702 /* Resources */,
			);
			buildRules = (
			);
			dependencies = (
			);
			name = iLocAlert;
			productName = iLocAlert;
			productReference = AA7833B91BFE7B97006F5702 /* iLocAlert.app */;
			productType = "com.apple.product-type.application";
		};
		AA7833D41BFE7B98006F5702 /* iLocAlertTests */ = {
			isa = PBXNativeTarget;
			buildConfigurationList = AA7833EC1BFE7B98006F5702 /* Build configuration list for PBXNativeTarget "iLocAlertTests" */;
			buildPhases = (
				AA7833D11BFE7B98006F5702 /* Sources */,
				AA7833D21BFE7B98006F5702 /* Frameworks */,
				AA7833D31BFE7B98006F5702 /* Resources */,
			);
			buildRules = (
			);
			dependencies = (
				AA7833D71BFE7B98006F5702 /* PBXTargetDependency */,
			);
			name = iLocAlertTests;
			productName = iLocAlertTests;
			productReference = AA7833D51BFE7B98006F5702 /* iLocAlertTests.xctest */;
			productType = "com.apple.product-type.bundle.unit-test";
		};
		AA7833DF1BFE7B98006F5702 /* iLocAlertUITests */ = {
			isa = PBXNativeTarget;
			buildConfigurationList = AA7833EF1BFE7B98006F5702 /* Build configuration list for PBXNativeTarget "iLocAlertUITests" */;
			buildPhases = (
				AA7833DC1BFE7B98006F5702 /* Sources */,
				AA7833DD1BFE7B98006F5702 /* Frameworks */,
				AA7833DE1BFE7B98006F5702 /* Resources */,
			);
			buildRules = (
			);
			dependencies = (
				AA7833E21BFE7B98006F5702 /* PBXTargetDependency */,
			);
			name = iLocAlertUITests;
			productName = iLocAlertUITests;
			productReference = AA7833E01BFE7B98006F5702 /* iLocAlertUITests.xctest */;
			productType = "com.apple.product-type.bundle.ui-testing";
		};
/* End PBXNativeTarget section */

/* Begin PBXProject section */
		AA7833B11BFE7B96006F5702 /* Project object */ = {
			isa = PBXProject;
			attributes = {
				LastUpgradeCheck = 0710;
				ORGANIZATIONNAME = "Yann Crausaz";
				TargetAttributes = {
					AA7833B81BFE7B96006F5702 = {
						CreatedOnToolsVersion = 7.1.1;
						DevelopmentTeam = VM329NQ2GG;
						SystemCapabilities = {
							com.apple.BackgroundModes = {
								enabled = 1;
							};
							com.apple.GameCenter = {
								enabled = 0;
							};
							com.apple.InAppPurchase = {
								enabled = 0;
							};
							com.apple.Maps.iOS = {
								enabled = 0;
							};
							com.apple.iCloud = {
								enabled = 0;
							};
						};
					};
					AA7833D41BFE7B98006F5702 = {
						CreatedOnToolsVersion = 7.1.1;
						TestTargetID = AA7833B81BFE7B96006F5702;
					};
					AA7833DF1BFE7B98006F5702 = {
						CreatedOnToolsVersion = 7.1.1;
						TestTargetID = AA7833B81BFE7B96006F5702;
					};
				};
			};
			buildConfigurationList = AA7833B41BFE7B96006F5702 /* Build configuration list for PBXProject "iLocAlert" */;
			compatibilityVersion = "Xcode 3.2";
			developmentRegion = English;
			hasScannedForEncodings = 0;
			knownRegions = (
				en,
				Base,
			);
			mainGroup = AA7833B01BFE7B96006F5702;
			productRefGroup = AA7833BA1BFE7B97006F5702 /* Products */;
			projectDirPath = "";
			projectRoot = "";
			targets = (
				AA7833B81BFE7B96006F5702 /* iLocAlert */,
				AA7833D41BFE7B98006F5702 /* iLocAlertTests */,
				AA7833DF1BFE7B98006F5702 /* iLocAlertUITests */,
			);
		};
/* End PBXProject section */

/* Begin PBXResourcesBuildPhase section */
		AA7833B71BFE7B96006F5702 /* Resources */ = {
			isa = PBXResourcesBuildPhase;
			buildActionMask = 2147483647;
			files = (
				AA7833CF1BFE7B97006F5702 /* LaunchScreen.storyboard in Resources */,
				AA7833CC1BFE7B97006F5702 /* Assets.xcassets in Resources */,
				AA7833C71BFE7B97006F5702 /* Main.storyboard in Resources */,
			);
			runOnlyForDeploymentPostprocessing = 0;
		};
		AA7833D31BFE7B98006F5702 /* Resources */ = {
			isa = PBXResourcesBuildPhase;
			buildActionMask = 2147483647;
			files = (
			);
			runOnlyForDeploymentPostprocessing = 0;
		};
		AA7833DE1BFE7B98006F5702 /* Resources */ = {
			isa = PBXResourcesBuildPhase;
			buildActionMask = 2147483647;
			files = (
			);
			runOnlyForDeploymentPostprocessing = 0;
		};
/* End PBXResourcesBuildPhase section */

/* Begin PBXSourcesBuildPhase section */
		AA7833B51BFE7B96006F5702 /* Sources */ = {
			isa = PBXSourcesBuildPhase;
			buildActionMask = 2147483647;
			files = (
				AA7833F61BFE7D10006F5702 /* iLocAlertAlert+CoreDataProperties.m in Sources */,
				AA7833C41BFE7B97006F5702 /* ViewController.m in Sources */,
				AA7833F71BFE7D10006F5702 /* iLocAlertAlert.m in Sources */,
				AA7833CA1BFE7B97006F5702 /* iLocAlert.xcdatamodeld in Sources */,
				AA7833C11BFE7B97006F5702 /* AppDelegate.m in Sources */,
				AA7833BE1BFE7B97006F5702 /* main.m in Sources */,
			);
			runOnlyForDeploymentPostprocessing = 0;
		};
		AA7833D11BFE7B98006F5702 /* Sources */ = {
			isa = PBXSourcesBuildPhase;
			buildActionMask = 2147483647;
			files = (
				AA7833DA1BFE7B98006F5702 /* iLocAlertTests.m in Sources */,
			);
			runOnlyForDeploymentPostprocessing = 0;
		};
		AA7833DC1BFE7B98006F5702 /* Sources */ = {
			isa = PBXSourcesBuildPhase;
			buildActionMask = 2147483647;
			files = (
				AA7833E51BFE7B98006F5702 /* iLocAlertUITests.m in Sources */,
			);
			runOnlyForDeploymentPostprocessing = 0;
		};
/* End PBXSourcesBuildPhase section */

/* Begin PBXTargetDependency section */
		AA7833D71BFE7B98006F5702 /* PBXTargetDependency */ = {
			isa = PBXTargetDependency;
			target = AA7833B81BFE7B96006F5702 /* iLocAlert */;
			targetProxy = AA7833D61BFE7B98006F5702 /* PBXContainerItemProxy */;
		};
		AA7833E21BFE7B98006F5702 /* PBXTargetDependency */ = {
			isa = PBXTargetDependency;
			target = AA7833B81BFE7B96006F5702 /* iLocAlert */;
			targetProxy = AA7833E11BFE7B98006F5702 /* PBXContainerItemProxy */;
		};
/* End PBXTargetDependency section */

/* Begin PBXVariantGroup section */
		AA7833C51BFE7B97006F5702 /* Main.storyboard */ = {
			isa = PBXVariantGroup;
			children = (
				AA7833C61BFE7B97006F5702 /* Base */,
			);
			name = Main.storyboard;
			sourceTree = "<group>";
		};
		AA7833CD1BFE7B97006F5702 /* LaunchScreen.storyboard */ = {
			isa = PBXVariantGroup;
			children = (
				AA7833CE1BFE7B97006F5702 /* Base */,
			);
			name = LaunchScreen.storyboard;
			sourceTree = "<group>";
		};
/* End PBXVariantGroup section */

/* Begin XCBuildConfiguration section */
		AA7833E71BFE7B98006F5702 /* Debug */ = {
			isa = XCBuildConfiguration;
			buildSettings = {
				ALWAYS_SEARCH_USER_PATHS = NO;
				CLANG_CXX_LANGUAGE_STANDARD = "gnu++0x";
				CLANG_CXX_LIBRARY = "libc++";
				CLANG_ENABLE_MODULES = YES;
				CLANG_ENABLE_OBJC_ARC = YES;
				CLANG_WARN_BOOL_CONVERSION = YES;
				CLANG_WARN_CONSTANT_CONVERSION = YES;
				CLANG_WARN_DIRECT_OBJC_ISA_USAGE = YES_ERROR;
				CLANG_WARN_EMPTY_BODY = YES;
				CLANG_WARN_ENUM_CONVERSION = YES;
				CLANG_WARN_INT_CONVERSION = YES;
				CLANG_WARN_OBJC_ROOT_CLASS = YES_ERROR;
				CLANG_WARN_UNREACHABLE_CODE = YES;
				CLANG_WARN__DUPLICATE_METHOD_MATCH = YES;
				"CODE_SIGN_IDENTITY[sdk=iphoneos*]" = "iPhone Developer";
				COPY_PHASE_STRIP = NO;
				DEBUG_INFORMATION_FORMAT = dwarf;
				ENABLE_STRICT_OBJC_MSGSEND = YES;
				ENABLE_TESTABILITY = YES;
				GCC_C_LANGUAGE_STANDARD = gnu99;
				GCC_DYNAMIC_NO_PIC = NO;
				GCC_NO_COMMON_BLOCKS = YES;
				GCC_OPTIMIZATION_LEVEL = 0;
				GCC_PREPROCESSOR_DEFINITIONS = (
					"DEBUG=1",
					"$(inherited)",
				);
				GCC_WARN_64_TO_32_BIT_CONVERSION = YES;
				GCC_WARN_ABOUT_RETURN_TYPE = YES_ERROR;
				GCC_WARN_UNDECLARED_SELECTOR = YES;
				GCC_WARN_UNINITIALIZED_AUTOS = YES_AGGRESSIVE;
				GCC_WARN_UNUSED_FUNCTION = YES;
				GCC_WARN_UNUSED_VARIABLE = YES;
				IPHONEOS_DEPLOYMENT_TARGET = 9.1;
				MTL_ENABLE_DEBUG_INFO = YES;
				ONLY_ACTIVE_ARCH = YES;
				SDKROOT = iphoneos;
				TARGETED_DEVICE_FAMILY = "1,2";
			};
			name = Debug;
		};
		AA7833E81BFE7B98006F5702 /* Release */ = {
			isa = XCBuildConfiguration;
			buildSettings = {
				ALWAYS_SEARCH_USER_PATHS = NO;
				CLANG_CXX_LANGUAGE_STANDARD = "gnu++0x";
				CLANG_CXX_LIBRARY = "libc++";
				CLANG_ENABLE_MODULES = YES;
				CLANG_ENABLE_OBJC_ARC = YES;
				CLANG_WARN_BOOL_CONVERSION = YES;
				CLANG_WARN_CONSTANT_CONVERSION = YES;
				CLANG_WARN_DIRECT_OBJC_ISA_USAGE = YES_ERROR;
				CLANG_WARN_EMPTY_BODY = YES;
				CLANG_WARN_ENUM_CONVERSION = YES;
				CLANG_WARN_INT_CONVERSION = YES;
				CLANG_WARN_OBJC_ROOT_CLASS = YES_ERROR;
				CLANG_WARN_UNREACHABLE_CODE = YES;
				CLANG_WARN__DUPLICATE_METHOD_MATCH = YES;
				"CODE_SIGN_IDENTITY[sdk=iphoneos*]" = "iPhone Developer";
				COPY_PHASE_STRIP = NO;
				DEBUG_INFORMATION_FORMAT = "dwarf-with-dsym";
				ENABLE_NS_ASSERTIONS = NO;
				ENABLE_STRICT_OBJC_MSGSEND = YES;
				GCC_C_LANGUAGE_STANDARD = gnu99;
				GCC_NO_COMMON_BLOCKS = YES;
				GCC_WARN_64_TO_32_BIT_CONVERSION = YES;
				GCC_WARN_ABOUT_RETURN_TYPE = YES_ERROR;
				GCC_WARN_UNDECLARED_SELECTOR = YES;
				GCC_WARN_UNINITIALIZED_AUTOS = YES_AGGRESSIVE;
				GCC_WARN_UNUSED_FUNCTION = YES;
				GCC_WARN_UNUSED_VARIABLE = YES;
				IPHONEOS_DEPLOYMENT_TARGET = 9.1;
				MTL_ENABLE_DEBUG_INFO = NO;
				SDKROOT = iphoneos;
				TARGETED_DEVICE_FAMILY = "1,2";
				VALIDATE_PRODUCT = YES;
			};
			name = Release;
		};
		AA7833EA1BFE7B98006F5702 /* Debug */ = {
			isa = XCBuildConfiguration;
			buildSettings = {
				ASSETCATALOG_COMPILER_APPICON_NAME = AppIcon;
				CODE_SIGN_IDENTITY = "iPhone Developer";
				"CODE_SIGN_IDENTITY[sdk=iphoneos*]" = "iPhone Developer";
				INFOPLIST_FILE = iLocAlert/Info.plist;
				IPHONEOS_DEPLOYMENT_TARGET = 8.4;
				LD_RUNPATH_SEARCH_PATHS = "$(inherited) @executable_path/Frameworks";
				PRODUCT_BUNDLE_IDENTIFIER = "ch.yann-crausaz.iLocAlert";
				PRODUCT_NAME = "$(TARGET_NAME)";
				PROVISIONING_PROFILE = "";
			};
			name = Debug;
		};
		AA7833EB1BFE7B98006F5702 /* Release */ = {
			isa = XCBuildConfiguration;
			buildSettings = {
				ASSETCATALOG_COMPILER_APPICON_NAME = AppIcon;
				CODE_SIGN_IDENTITY = "iPhone Developer";
				"CODE_SIGN_IDENTITY[sdk=iphoneos*]" = "iPhone Developer";
				INFOPLIST_FILE = iLocAlert/Info.plist;
				IPHONEOS_DEPLOYMENT_TARGET = 8.4;
				LD_RUNPATH_SEARCH_PATHS = "$(inherited) @executable_path/Frameworks";
				PRODUCT_BUNDLE_IDENTIFIER = "ch.yann-crausaz.iLocAlert";
				PRODUCT_NAME = "$(TARGET_NAME)";
				PROVISIONING_PROFILE = "";
			};
			name = Release;
		};
		AA7833ED1BFE7B98006F5702 /* Debug */ = {
			isa = XCBuildConfiguration;
			buildSettings = {
				BUNDLE_LOADER = "$(TEST_HOST)";
				INFOPLIST_FILE = iLocAlertTests/Info.plist;
				LD_RUNPATH_SEARCH_PATHS = "$(inherited) @executable_path/Frameworks @loader_path/Frameworks";
				PRODUCT_BUNDLE_IDENTIFIER = "ch.yann-crausaz.iLocAlertTests";
				PRODUCT_NAME = "$(TARGET_NAME)";
				TEST_HOST = "$(BUILT_PRODUCTS_DIR)/iLocAlert.app/iLocAlert";
			};
			name = Debug;
		};
		AA7833EE1BFE7B98006F5702 /* Release */ = {
			isa = XCBuildConfiguration;
			buildSettings = {
				BUNDLE_LOADER = "$(TEST_HOST)";
				INFOPLIST_FILE = iLocAlertTests/Info.plist;
				LD_RUNPATH_SEARCH_PATHS = "$(inherited) @executable_path/Frameworks @loader_path/Frameworks";
				PRODUCT_BUNDLE_IDENTIFIER = "ch.yann-crausaz.iLocAlertTests";
				PRODUCT_NAME = "$(TARGET_NAME)";
				TEST_HOST = "$(BUILT_PRODUCTS_DIR)/iLocAlert.app/iLocAlert";
			};
			name = Release;
		};
		AA7833F01BFE7B98006F5702 /* Debug */ = {
			isa = XCBuildConfiguration;
			buildSettings = {
				INFOPLIST_FILE = iLocAlertUITests/Info.plist;
				LD_RUNPATH_SEARCH_PATHS = "$(inherited) @executable_path/Frameworks @loader_path/Frameworks";
				PRODUCT_BUNDLE_IDENTIFIER = "ch.yann-crausaz.iLocAlertUITests";
				PRODUCT_NAME = "$(TARGET_NAME)";
				TEST_TARGET_NAME = iLocAlert;
				USES_XCTRUNNER = YES;
			};
			name = Debug;
		};
		AA7833F11BFE7B98006F5702 /* Release */ = {
			isa = XCBuildConfiguration;
			buildSettings = {
				INFOPLIST_FILE = iLocAlertUITests/Info.plist;
				LD_RUNPATH_SEARCH_PATHS = "$(inherited) @executable_path/Frameworks @loader_path/Frameworks";
				PRODUCT_BUNDLE_IDENTIFIER = "ch.yann-crausaz.iLocAlertUITests";
				PRODUCT_NAME = "$(TARGET_NAME)";
				TEST_TARGET_NAME = iLocAlert;
				USES_XCTRUNNER = YES;
			};
			name = Release;
		};
/* End XCBuildConfiguration section */

/* Begin XCConfigurationList section */
		AA7833B41BFE7B96006F5702 /* Build configuration list for PBXProject "iLocAlert" */ = {
			isa = XCConfigurationList;
			buildConfigurations = (
				AA7833E71BFE7B98006F5702 /* Debug */,
				AA7833E81BFE7B98006F5702 /* Release */,
			);
			defaultConfigurationIsVisible = 0;
			defaultConfigurationName = Release;
		};
		AA7833E91BFE7B98006F5702 /* Build configuration list for PBXNativeTarget "iLocAlert" */ = {
			isa = XCConfigurationList;
			buildConfigurations = (
				AA7833EA1BFE7B98006F5702 /* Debug */,
				AA7833EB1BFE7B98006F5702 /* Release */,
			);
			defaultConfigurationIsVisible = 0;
			defaultConfigurationName = Release;
		};
		AA7833EC1BFE7B98006F5702 /* Build configuration list for PBXNativeTarget "iLocAlertTests" */ = {
			isa = XCConfigurationList;
			buildConfigurations = (
				AA7833ED1BFE7B98006F5702 /* Debug */,
				AA7833EE1BFE7B98006F5702 /* Release */,
			);
			defaultConfigurationIsVisible = 0;
			defaultConfigurationName = Release;
		};
		AA7833EF1BFE7B98006F5702 /* Build configuration list for PBXNativeTarget "iLocAlertUITests" */ = {
			isa = XCConfigurationList;
			buildConfigurations = (
				AA7833F01BFE7B98006F5702 /* Debug */,
				AA7833F11BFE7B98006F5702 /* Release */,
			);
			defaultConfigurationIsVisible = 0;
			defaultConfigurationName = Release;
		};
/* End XCConfigurationList section */

/* Begin XCVersionGroup section */
		AA7833C81BFE7B97006F5702 /* iLocAlert.xcdatamodeld */ = {
			isa = XCVersionGroup;
			children = (
				AA7833C91BFE7B97006F5702 /* iLocAlert.xcdatamodel */,
			);
			currentVersion = AA7833C91BFE7B97006F5702 /* iLocAlert.xcdatamodel */;
			path = iLocAlert.xcdatamodeld;
			sourceTree = "<group>";
			versionGroupType = wrapper.xcdatamodel;
		};
/* End XCVersionGroup section */
	};
	rootObject = AA7833B11BFE7B96006F5702 /* Project object */;
}
